
Microsoft Visual Studio Solution File, Format Version 12.00
# Visual Studio Version 17
VisualStudioVersion = 17.10.35027.167
MinimumVisualStudioVersion = 10.0.40219.1
Project("{FAE04EC0-301F-11D3-BF4B-00C04F79EFBC}") = "Game.web", "Game.web\Game.web.csproj", "{AB10292D-9105-405B-B97D-267D7EB777E9}"
EndProject
Project("{FAE04EC0-301F-11D3-BF4B-00C04F79EFBC}") = "Game.Domain", "Game.Domain\Game.Domain.csproj", "{232E6C67-05E3-4B5C-9364-0749509F97AA}"
EndProject
Global
	GlobalSection(SolutionConfigurationPlatforms) = preSolution
		Debug|Any CPU = Debug|Any CPU
		Release|Any CPU = Release|Any CPU
	EndGlobalSection
	GlobalSection(ProjectConfigurationPlatforms) = postSolution
		{AB10292D-9105-405B-B97D-267D7EB777E9}.Debug|Any CPU.ActiveCfg = Debug|Any CPU
		{AB10292D-9105-405B-B97D-267D7EB777E9}.Debug|Any CPU.Build.0 = Debug|Any CPU
		{AB10292D-9105-405B-B97D-267D7EB777E9}.Release|Any CPU.ActiveCfg = Release|Any CPU
		{AB10292D-9105-405B-B97D-267D7EB777E9}.Release|Any CPU.Build.0 = Release|Any CPU
		{232E6C67-05E3-4B5C-9364-0749509F97AA}.Debug|Any CPU.ActiveCfg = Debug|Any CPU
		{232E6C67-05E3-4B5C-9364-0749509F97AA}.Debug|Any CPU.Build.0 = Debug|Any CPU
		{232E6C67-05E3-4B5C-9364-0749509F97AA}.Release|Any CPU.ActiveCfg = Release|Any CPU
		{232E6C67-05E3-4B5C-9364-0749509F97AA}.Release|Any CPU.Build.0 = Release|Any CPU
	EndGlobalSection
	GlobalSection(SolutionProperties) = preSolution
		HideSolutionNode = FALSE
	EndGlobalSection
	GlobalSection(ExtensibilityGlobals) = postSolution
		SolutionGuid = {90AF338A-F20C-4744-BA21-E187E12CECB0}
	EndGlobalSection
EndGlobal
